Microsoft Visual Studio Solution File, Format Version 11.00
# Visual Studio 2008

Project("{7ACF1E55-BAA6-8BD2-3788-9896A9BB975E}") = "Roll-a-Ball_WWISE", "Assembly-CSharp.csproj", "{354E17B7-3164-EEB0-2911-9A0D9FAE5C3C}"
EndProject
Project("{7ACF1E55-BAA6-8BD2-3788-9896A9BB975E}") = "Roll-a-Ball_WWISE", "Assembly-CSharp-Editor.csproj", "{36C83FFA-788F-6B0B-49B6-C040EDFCF105}"
EndProject
Global
	GlobalSection(SolutionConfigurationPlatforms) = preSolution
		Debug|Any CPU = Debug|Any CPU
		Release|Any CPU = Release|Any CPU
	EndGlobalSection
	GlobalSection(ProjectConfigurationPlatforms) = postSolution
		{354E17B7-3164-EEB0-2911-9A0D9FAE5C3C}.Debug|Any CPU.ActiveCfg = Debug|Any CPU
		{354E17B7-3164-EEB0-2911-9A0D9FAE5C3C}.Debug|Any CPU.Build.0 = Debug|Any CPU
		{354E17B7-3164-EEB0-2911-9A0D9FAE5C3C}.Release|Any CPU.ActiveCfg = Release|Any CPU
		{354E17B7-3164-EEB0-2911-9A0D9FAE5C3C}.Release|Any CPU.Build.0 = Release|Any CPU
		{36C83FFA-788F-6B0B-49B6-C040EDFCF105}.Debug|Any CPU.ActiveCfg = Debug|Any CPU
		{36C83FFA-788F-6B0B-49B6-C040EDFCF105}.Debug|Any CPU.Build.0 = Debug|Any CPU
		{36C83FFA-788F-6B0B-49B6-C040EDFCF105}.Release|Any CPU.ActiveCfg = Release|Any CPU
		{36C83FFA-788F-6B0B-49B6-C040EDFCF105}.Release|Any CPU.Build.0 = Release|Any CPU
	EndGlobalSection
	GlobalSection(SolutionProperties) = preSolution
		HideSolutionNode = FALSE
	EndGlobalSection
	GlobalSection(MonoDevelopProperties) = preSolution
		StartupItem = Assembly-CSharp.csproj
	EndGlobalSection
EndGlobal
